
Microsoft Visual Studio Solution File, Format Version 12.00
# Visual Studio 15
VisualStudioVersion = 15.0.26730.16
MinimumVisualStudioVersion = 10.0.40219.1
Project("{FAE04EC0-301F-11D3-BF4B-00C04F79EFBC}") = "SimpleWebApi", "SimpleWebApi\SimpleWebApi.csproj", "{E201FA11-D89A-4BC3-951D-C777C6F20116}"
EndProject
Global
	GlobalSection(SolutionConfigurationPlatforms) = preSolution
		Debug|Any CPU = Debug|Any CPU
		Release|Any CPU = Release|Any CPU
	EndGlobalSection
	GlobalSection(ProjectConfigurationPlatforms) = postSolution
		{E201FA11-D89A-4BC3-951D-C777C6F20116}.Debug|Any CPU.ActiveCfg = Debug|Any CPU
		{E201FA11-D89A-4BC3-951D-C777C6F20116}.Debug|Any CPU.Build.0 = Debug|Any CPU
		{E201FA11-D89A-4BC3-951D-C777C6F20116}.Release|Any CPU.ActiveCfg = Release|Any CPU
		{E201FA11-D89A-4BC3-951D-C777C6F20116}.Release|Any CPU.Build.0 = Release|Any CPU
	EndGlobalSection
	GlobalSection(SolutionProperties) = preSolution
		HideSolutionNode = FALSE
	EndGlobalSection
	GlobalSection(ExtensibilityGlobals) = postSolution
		SolutionGuid = {0BBB0F53-9AE1-4C65-B099-29A187EB7D61}
	EndGlobalSection
EndGlobal
